
Microsoft Visual Studio Solution File, Format Version 12.00
# Visual Studio 2013
VisualStudioVersion = 12.0.31101.0
MinimumVisualStudioVersion = 10.0.40219.1
Project("{FAE04EC0-301F-11D3-BF4B-00C04F79EFBC}") = "DAL", "DAL\DAL.csproj", "{B4C9D611-41E5-4115-96AC-C588852A1286}"
EndProject
Project("{FAE04EC0-301F-11D3-BF4B-00C04F79EFBC}") = "Conductor.Orcamentacao.Web", "Conductor.Orcamentacao.Web\Conductor.Orcamentacao.Web.csproj", "{1C5C3702-E91A-45B7-8F8D-80A3BA2E8730}"
EndProject
Global
	GlobalSection(SolutionConfigurationPlatforms) = preSolution
		Debug|Any CPU = Debug|Any CPU
		Release|Any CPU = Release|Any CPU
	EndGlobalSection
	GlobalSection(ProjectConfigurationPlatforms) = postSolution
		{B4C9D611-41E5-4115-96AC-C588852A1286}.Debug|Any CPU.ActiveCfg = Debug|Any CPU
		{B4C9D611-41E5-4115-96AC-C588852A1286}.Debug|Any CPU.Build.0 = Debug|Any CPU
		{B4C9D611-41E5-4115-96AC-C588852A1286}.Release|Any CPU.ActiveCfg = Release|Any CPU
		{B4C9D611-41E5-4115-96AC-C588852A1286}.Release|Any CPU.Build.0 = Release|Any CPU
		{1C5C3702-E91A-45B7-8F8D-80A3BA2E8730}.Debug|Any CPU.ActiveCfg = Debug|Any CPU
		{1C5C3702-E91A-45B7-8F8D-80A3BA2E8730}.Debug|Any CPU.Build.0 = Debug|Any CPU
		{1C5C3702-E91A-45B7-8F8D-80A3BA2E8730}.Release|Any CPU.ActiveCfg = Release|Any CPU
		{1C5C3702-E91A-45B7-8F8D-80A3BA2E8730}.Release|Any CPU.Build.0 = Release|Any CPU
	EndGlobalSection
	GlobalSection(SolutionProperties) = preSolution
		HideSolutionNode = FALSE
	EndGlobalSection
EndGlobal
